
Microsoft Visual Studio Solution File, Format Version 12.00
# Visual Studio Version 16
VisualStudioVersion = 16.0.30907.101
MinimumVisualStudioVersion = 10.0.40219.1
Project("{FAE04EC0-301F-11D3-BF4B-00C04F79EFBC}") = "Decissions", "Decissions\Decissions.csproj", "{B3DEE592-999E-4AD8-9181-1680CB8D4784}"
EndProject
Global
	GlobalSection(SolutionConfigurationPlatforms) = preSolution
		Debug|Any CPU = Debug|Any CPU
		Release|Any CPU = Release|Any CPU
	EndGlobalSection
	GlobalSection(ProjectConfigurationPlatforms) = postSolution
		{B3DEE592-999E-4AD8-9181-1680CB8D4784}.Debug|Any CPU.ActiveCfg = Debug|Any CPU
		{B3DEE592-999E-4AD8-9181-1680CB8D4784}.Debug|Any CPU.Build.0 = Debug|Any CPU
		{B3DEE592-999E-4AD8-9181-1680CB8D4784}.Release|Any CPU.ActiveCfg = Release|Any CPU
		{B3DEE592-999E-4AD8-9181-1680CB8D4784}.Release|Any CPU.Build.0 = Release|Any CPU
	EndGlobalSection
	GlobalSection(SolutionProperties) = preSolution
		HideSolutionNode = FALSE
	EndGlobalSection
	GlobalSection(ExtensibilityGlobals) = postSolution
		SolutionGuid = {A2550AFC-8419-4CEB-B9C8-CCCDCA5F9109}
	EndGlobalSection
EndGlobal
